
Microsoft Visual Studio Solution File, Format Version 12.00
# Visual Studio Version 17
VisualStudioVersion = 17.5.33530.505
MinimumVisualStudioVersion = 10.0.40219.1
Project("{9A19103F-16F7-4668-BE54-9A1E7A4F7556}") = "cs_grid", "cs_grid.csproj", "{386BCBB5-CE88-4038-84EC-4C4449FC78E1}"
EndProject
Global
	GlobalSection(SolutionConfigurationPlatforms) = preSolution
		Debug|Any CPU = Debug|Any CPU
		Debug|x64 = Debug|x64
		Release|Any CPU = Release|Any CPU
		Release|x64 = Release|x64
	EndGlobalSection
	GlobalSection(ProjectConfigurationPlatforms) = postSolution
		{386BCBB5-CE88-4038-84EC-4C4449FC78E1}.Debug|Any CPU.ActiveCfg = Release|Any CPU
		{386BCBB5-CE88-4038-84EC-4C4449FC78E1}.Debug|Any CPU.Build.0 = Release|Any CPU
		{386BCBB5-CE88-4038-84EC-4C4449FC78E1}.Debug|x64.ActiveCfg = Debug|x64
		{386BCBB5-CE88-4038-84EC-4C4449FC78E1}.Debug|x64.Build.0 = Debug|x64
		{386BCBB5-CE88-4038-84EC-4C4449FC78E1}.Release|Any CPU.ActiveCfg = Release|Any CPU
		{386BCBB5-CE88-4038-84EC-4C4449FC78E1}.Release|Any CPU.Build.0 = Release|Any CPU
		{386BCBB5-CE88-4038-84EC-4C4449FC78E1}.Release|x64.ActiveCfg = Debug|Any CPU
		{386BCBB5-CE88-4038-84EC-4C4449FC78E1}.Release|x64.Build.0 = Debug|Any CPU
	EndGlobalSection
	GlobalSection(SolutionProperties) = preSolution
		HideSolutionNode = FALSE
	EndGlobalSection
	GlobalSection(ExtensibilityGlobals) = postSolution
		SolutionGuid = {BD0B5DF0-3AF9-4F67-BDC6-D880FEB26650}
	EndGlobalSection
EndGlobal
